
Microsoft Visual Studio Solution File, Format Version 12.00
# Visual Studio Version 17
VisualStudioVersion = 17.9.34728.123
MinimumVisualStudioVersion = 10.0.40219.1
Project("{FAE04EC0-301F-11D3-BF4B-00C04F79EFBC}") = "UserMasterAPI", "UserMasterAPI.csproj", "{49ED2C32-454E-4CD5-B7A0-76FD96601676}"
EndProject
Global
	GlobalSection(SolutionConfigurationPlatforms) = preSolution
		Debug|Any CPU = Debug|Any CPU
		Release|Any CPU = Release|Any CPU
	EndGlobalSection
	GlobalSection(ProjectConfigurationPlatforms) = postSolution
		{49ED2C32-454E-4CD5-B7A0-76FD96601676}.Debug|Any CPU.ActiveCfg = Debug|Any CPU
		{49ED2C32-454E-4CD5-B7A0-76FD96601676}.Debug|Any CPU.Build.0 = Debug|Any CPU
		{49ED2C32-454E-4CD5-B7A0-76FD96601676}.Release|Any CPU.ActiveCfg = Release|Any CPU
		{49ED2C32-454E-4CD5-B7A0-76FD96601676}.Release|Any CPU.Build.0 = Release|Any CPU
	EndGlobalSection
	GlobalSection(SolutionProperties) = preSolution
		HideSolutionNode = FALSE
	EndGlobalSection
	GlobalSection(ExtensibilityGlobals) = postSolution
		SolutionGuid = {DA45FE02-C725-4A98-A357-9427564ED44F}
	EndGlobalSection
EndGlobal
